
Microsoft Visual Studio Solution File, Format Version 12.00
# Visual Studio 14
VisualStudioVersion = 14.0.25420.1
MinimumVisualStudioVersion = 10.0.40219.1
Project("{FAE04EC0-301F-11D3-BF4B-00C04F79EFBC}") = "ConsoleApplication", "ConsoleApplication.csproj", "{14BCA7C5-486D-47D0-92AF-3197D67FDC20}"
EndProject
Project("{FAE04EC0-301F-11D3-BF4B-00C04F79EFBC}") = "FrontEnd", "..\FrontEnd\FrontEnd.csproj", "{EBB6F585-C25B-479E-817B-D2FB3B622885}"
EndProject
Project("{FAE04EC0-301F-11D3-BF4B-00C04F79EFBC}") = "MobileXamarin", "MobileXamarin\MobileXamarin.csproj", "{47052320-EFB3-45CE-82E4-53CB277BCB8F}"
EndProject
Global
	GlobalSection(SolutionConfigurationPlatforms) = preSolution
		Debug|Any CPU = Debug|Any CPU
		Release|Any CPU = Release|Any CPU
	EndGlobalSection
	GlobalSection(ProjectConfigurationPlatforms) = postSolution
		{14BCA7C5-486D-47D0-92AF-3197D67FDC20}.Debug|Any CPU.ActiveCfg = Debug|Any CPU
		{14BCA7C5-486D-47D0-92AF-3197D67FDC20}.Debug|Any CPU.Build.0 = Debug|Any CPU
		{14BCA7C5-486D-47D0-92AF-3197D67FDC20}.Release|Any CPU.ActiveCfg = Release|Any CPU
		{14BCA7C5-486D-47D0-92AF-3197D67FDC20}.Release|Any CPU.Build.0 = Release|Any CPU
		{EBB6F585-C25B-479E-817B-D2FB3B622885}.Debug|Any CPU.ActiveCfg = Debug|Any CPU
		{EBB6F585-C25B-479E-817B-D2FB3B622885}.Debug|Any CPU.Build.0 = Debug|Any CPU
		{EBB6F585-C25B-479E-817B-D2FB3B622885}.Release|Any CPU.ActiveCfg = Release|Any CPU
		{EBB6F585-C25B-479E-817B-D2FB3B622885}.Release|Any CPU.Build.0 = Release|Any CPU
		{47052320-EFB3-45CE-82E4-53CB277BCB8F}.Debug|Any CPU.ActiveCfg = Debug|Any CPU
		{47052320-EFB3-45CE-82E4-53CB277BCB8F}.Debug|Any CPU.Build.0 = Debug|Any CPU
		{47052320-EFB3-45CE-82E4-53CB277BCB8F}.Debug|Any CPU.Deploy.0 = Debug|Any CPU
		{47052320-EFB3-45CE-82E4-53CB277BCB8F}.Release|Any CPU.ActiveCfg = Release|Any CPU
		{47052320-EFB3-45CE-82E4-53CB277BCB8F}.Release|Any CPU.Build.0 = Release|Any CPU
		{47052320-EFB3-45CE-82E4-53CB277BCB8F}.Release|Any CPU.Deploy.0 = Release|Any CPU
	EndGlobalSection
	GlobalSection(SolutionProperties) = preSolution
		HideSolutionNode = FALSE
	EndGlobalSection
EndGlobal
